
Microsoft Visual Studio Solution File, Format Version 12.00
# Visual Studio Version 17
VisualStudioVersion = 17.1.31903.286
MinimumVisualStudioVersion = 10.0.40219.1
Project("{9A19103F-16F7-4668-BE54-9A1E7A4F7556}") = "PriceCalculator.Client", "src\PriceCalculator.Client\PriceCalculator.Client.csproj", "{EA4B6586-CD39-44AC-BA01-5B791E80ADB8}"
EndProject
Project("{2150E333-8FDC-42A3-9474-1A3956D46DE8}") = "src", "src", "{EB188D9C-F033-4ED5-A5EF-5240C0804331}"
EndProject
Project("{9A19103F-16F7-4668-BE54-9A1E7A4F7556}") = "PriceCalculator.Application.Tests", "tests\PriceCalculator.Application.Tests\PriceCalculator.Application.Tests.csproj", "{C226BBB1-4CDC-48E6-AE4F-6C176860711F}"
EndProject
Project("{2150E333-8FDC-42A3-9474-1A3956D46DE8}") = "tests", "tests", "{B98D3723-FFCC-4CFC-A49B-1775E2B5E6D4}"
EndProject
Project("{9A19103F-16F7-4668-BE54-9A1E7A4F7556}") = "PriceCalculator.Application", "src\PriceCalculator.Application\PriceCalculator.Application.csproj", "{87C82CC1-B689-4919-BEEB-5A88E5170F83}"
EndProject
Global
	GlobalSection(SolutionConfigurationPlatforms) = preSolution
		Debug|Any CPU = Debug|Any CPU
		Release|Any CPU = Release|Any CPU
	EndGlobalSection
	GlobalSection(ProjectConfigurationPlatforms) = postSolution
		{EA4B6586-CD39-44AC-BA01-5B791E80ADB8}.Debug|Any CPU.ActiveCfg = Debug|Any CPU
		{EA4B6586-CD39-44AC-BA01-5B791E80ADB8}.Debug|Any CPU.Build.0 = Debug|Any CPU
		{EA4B6586-CD39-44AC-BA01-5B791E80ADB8}.Release|Any CPU.ActiveCfg = Release|Any CPU
		{EA4B6586-CD39-44AC-BA01-5B791E80ADB8}.Release|Any CPU.Build.0 = Release|Any CPU
		{C226BBB1-4CDC-48E6-AE4F-6C176860711F}.Debug|Any CPU.ActiveCfg = Debug|Any CPU
		{C226BBB1-4CDC-48E6-AE4F-6C176860711F}.Debug|Any CPU.Build.0 = Debug|Any CPU
		{C226BBB1-4CDC-48E6-AE4F-6C176860711F}.Release|Any CPU.ActiveCfg = Release|Any CPU
		{C226BBB1-4CDC-48E6-AE4F-6C176860711F}.Release|Any CPU.Build.0 = Release|Any CPU
		{87C82CC1-B689-4919-BEEB-5A88E5170F83}.Debug|Any CPU.ActiveCfg = Debug|Any CPU
		{87C82CC1-B689-4919-BEEB-5A88E5170F83}.Debug|Any CPU.Build.0 = Debug|Any CPU
		{87C82CC1-B689-4919-BEEB-5A88E5170F83}.Release|Any CPU.ActiveCfg = Release|Any CPU
		{87C82CC1-B689-4919-BEEB-5A88E5170F83}.Release|Any CPU.Build.0 = Release|Any CPU
	EndGlobalSection
	GlobalSection(SolutionProperties) = preSolution
		HideSolutionNode = FALSE
	EndGlobalSection
	GlobalSection(NestedProjects) = preSolution
		{EA4B6586-CD39-44AC-BA01-5B791E80ADB8} = {EB188D9C-F033-4ED5-A5EF-5240C0804331}
		{C226BBB1-4CDC-48E6-AE4F-6C176860711F} = {B98D3723-FFCC-4CFC-A49B-1775E2B5E6D4}
		{87C82CC1-B689-4919-BEEB-5A88E5170F83} = {EB188D9C-F033-4ED5-A5EF-5240C0804331}
	EndGlobalSection
	GlobalSection(ExtensibilityGlobals) = postSolution
		SolutionGuid = {172611FD-AC8D-4A4E-80B3-29989EE0F877}
	EndGlobalSection
EndGlobal
